<?xml version="1.0" encoding="utf-8"?>
<Project ToolsVersion="4.0" xmlns="http://schemas.microsoft.com/developer/msbuild/2003">
  <ItemGroup>
    <Filter Include="Source Files">
      <UniqueIdentifier>{4FC737F1-C7A5-4376-A066-2A32D752A2FF}</UniqueIdentifier>
      <Extensions>cpp;c;cc;cxx;def;odl;idl;hpj;bat;asm;asmx</Extensions>
    </Filter>
    <Filter Include="Header Files">
      <UniqueIdentifier>{93995380-89BD-4b04-88EB-625FBE52EBFB}</UniqueIdentifier>
      <Extensions>h;hh;hpp;hxx;hm;inl;inc;xsd</Extensions>
    </Filter>
    <Filter Include="Resource Files">
      <UniqueIdentifier>{67DA6AB6-F800-4c08-8B7A-83BB121AAD01}</UniqueIdentifier>
      <Extensions>rc;ico;cur;bmp;dlg;rc2;rct;bin;rgs;gif;jpg;jpeg;jpe;resx;tiff;tif;png;wav;mfcribbon-ms</Extensions>
    </Filter>
    <Filter Include="Source Files\ch10">
      <UniqueIdentifier>{1909be2b-b0f1-45ba-9c0c-dc285a9242fc}</UniqueIdentifier>
    </Filter>
    <Filter Include="Source Files\ch09">
      <UniqueIdentifier>{7d23e63a-832a-49c6-8283-7df57618ec69}</UniqueIdentifier>
    </Filter>
    <Filter Include="Source Files\ch08">
      <UniqueIdentifier>{728b1746-033f-40b5-8b0f-ab806ae3c339}</UniqueIdentifier>
    </Filter>
    <Filter Include="Source Files\ch09\Exercises">
      <UniqueIdentifier>{885f1f6b-09ab-4e88-bffe-a668e311a64c}</UniqueIdentifier>
    </Filter>
    <Filter Include="Source Files\ch09\Projects">
      <UniqueIdentifier>{af41a6e3-08e0-4c8b-bf18-d2881cd53d95}</UniqueIdentifier>
    </Filter>
  </ItemGroup>
  <ItemGroup>
    <Text Include="01.txt">
      <Filter>Source Files\ch09\Exercises</Filter>
    </Text>
  </ItemGroup>
  <ItemGroup>
    <ClCompile Include="02.cpp">
      <Filter>Source Files\ch09\Exercises</Filter>
    </ClCompile>
    <ClCompile Include="03.cpp">
      <Filter>Source Files\ch09\Exercises</Filter>
    </ClCompile>
  </ItemGroup>
</Project>